
Microsoft Visual Studio Solution File, Format Version 12.00
# Visual Studio Version 16
VisualStudioVersion = 16.0.30711.63
MinimumVisualStudioVersion = 10.0.40219.1
Project("{8BC9CEB8-8B4A-11D0-8D11-00A0C91BC942}") = "3.E.11 Coin calc", "3.E.11 Coin calc\3.E.11 Coin calc.vcxproj", "{19B9C010-82C7-459C-9A58-B46A8D16BF8D}"
EndProject
Global
	GlobalSection(SolutionConfigurationPlatforms) = preSolution
		Debug|x64 = Debug|x64
		Debug|x86 = Debug|x86
		Release|x64 = Release|x64
		Release|x86 = Release|x86
	EndGlobalSection
	GlobalSection(ProjectConfigurationPlatforms) = postSolution
		{19B9C010-82C7-459C-9A58-B46A8D16BF8D}.Debug|x64.ActiveCfg = Debug|x64
		{19B9C010-82C7-459C-9A58-B46A8D16BF8D}.Debug|x64.Build.0 = Debug|x64
		{19B9C010-82C7-459C-9A58-B46A8D16BF8D}.Debug|x86.ActiveCfg = Debug|Win32
		{19B9C010-82C7-459C-9A58-B46A8D16BF8D}.Debug|x86.Build.0 = Debug|Win32
		{19B9C010-82C7-459C-9A58-B46A8D16BF8D}.Release|x64.ActiveCfg = Release|x64
		{19B9C010-82C7-459C-9A58-B46A8D16BF8D}.Release|x64.Build.0 = Release|x64
		{19B9C010-82C7-459C-9A58-B46A8D16BF8D}.Release|x86.ActiveCfg = Release|Win32
		{19B9C010-82C7-459C-9A58-B46A8D16BF8D}.Release|x86.Build.0 = Release|Win32
	EndGlobalSection
	GlobalSection(SolutionProperties) = preSolution
		HideSolutionNode = FALSE
	EndGlobalSection
	GlobalSection(ExtensibilityGlobals) = postSolution
		SolutionGuid = {CBD7AECA-9EA4-42D5-AF35-5D9F84436048}
	EndGlobalSection
EndGlobal
